
Microsoft Visual Studio Solution File, Format Version 12.00
# Visual Studio Version 17
VisualStudioVersion = 17.1.32210.238
MinimumVisualStudioVersion = 10.0.40219.1
Project("{FAE04EC0-301F-11D3-BF4B-00C04F79EFBC}") = "laba1", "laba1\laba1.csproj", "{F2B3E3B9-A8CD-42F5-9A13-1350EAB5870E}"
EndProject
Global
	GlobalSection(SolutionConfigurationPlatforms) = preSolution
		Debug|Any CPU = Debug|Any CPU
		Release|Any CPU = Release|Any CPU
	EndGlobalSection
	GlobalSection(ProjectConfigurationPlatforms) = postSolution
		{F2B3E3B9-A8CD-42F5-9A13-1350EAB5870E}.Debug|Any CPU.ActiveCfg = Debug|Any CPU
		{F2B3E3B9-A8CD-42F5-9A13-1350EAB5870E}.Debug|Any CPU.Build.0 = Debug|Any CPU
		{F2B3E3B9-A8CD-42F5-9A13-1350EAB5870E}.Release|Any CPU.ActiveCfg = Release|Any CPU
		{F2B3E3B9-A8CD-42F5-9A13-1350EAB5870E}.Release|Any CPU.Build.0 = Release|Any CPU
	EndGlobalSection
	GlobalSection(SolutionProperties) = preSolution
		HideSolutionNode = FALSE
	EndGlobalSection
	GlobalSection(ExtensibilityGlobals) = postSolution
		SolutionGuid = {840C241C-63F2-48AC-A5D8-866DB0077271}
	EndGlobalSection
EndGlobal
